
Microsoft Visual Studio Solution File, Format Version 12.00
# Visual Studio Version 16
VisualStudioVersion = 16.0.31702.278
MinimumVisualStudioVersion = 10.0.40219.1
Project("{FAE04EC0-301F-11D3-BF4B-00C04F79EFBC}") = "Dictionary Çalışma Dosyası", "Dictionary Çalışma Dosyası\Dictionary Çalışma Dosyası.csproj", "{2F9AFBE7-DA88-4A6E-B1EF-96BAA854CB09}"
EndProject
Global
	GlobalSection(SolutionConfigurationPlatforms) = preSolution
		Debug|Any CPU = Debug|Any CPU
		Release|Any CPU = Release|Any CPU
	EndGlobalSection
	GlobalSection(ProjectConfigurationPlatforms) = postSolution
		{2F9AFBE7-DA88-4A6E-B1EF-96BAA854CB09}.Debug|Any CPU.ActiveCfg = Debug|Any CPU
		{2F9AFBE7-DA88-4A6E-B1EF-96BAA854CB09}.Debug|Any CPU.Build.0 = Debug|Any CPU
		{2F9AFBE7-DA88-4A6E-B1EF-96BAA854CB09}.Release|Any CPU.ActiveCfg = Release|Any CPU
		{2F9AFBE7-DA88-4A6E-B1EF-96BAA854CB09}.Release|Any CPU.Build.0 = Release|Any CPU
	EndGlobalSection
	GlobalSection(SolutionProperties) = preSolution
		HideSolutionNode = FALSE
	EndGlobalSection
	GlobalSection(ExtensibilityGlobals) = postSolution
		SolutionGuid = {5C316EFF-E182-4490-897D-4D39E6F05097}
	EndGlobalSection
EndGlobal
